
Microsoft Visual Studio Solution File, Format Version 12.00
# Visual Studio Version 17
VisualStudioVersion = 17.1.32319.34
MinimumVisualStudioVersion = 10.0.40219.1
Project("{FAE04EC0-301F-11D3-BF4B-00C04F79EFBC}") = "HW6", "HW6\HW6.csproj", "{A45BA655-C755-4D38-AEE6-BDA3D5FC69A1}"
EndProject
Global
	GlobalSection(SolutionConfigurationPlatforms) = preSolution
		Debug|Any CPU = Debug|Any CPU
		Release|Any CPU = Release|Any CPU
	EndGlobalSection
	GlobalSection(ProjectConfigurationPlatforms) = postSolution
		{A45BA655-C755-4D38-AEE6-BDA3D5FC69A1}.Debug|Any CPU.ActiveCfg = Debug|Any CPU
		{A45BA655-C755-4D38-AEE6-BDA3D5FC69A1}.Debug|Any CPU.Build.0 = Debug|Any CPU
		{A45BA655-C755-4D38-AEE6-BDA3D5FC69A1}.Release|Any CPU.ActiveCfg = Release|Any CPU
		{A45BA655-C755-4D38-AEE6-BDA3D5FC69A1}.Release|Any CPU.Build.0 = Release|Any CPU
	EndGlobalSection
	GlobalSection(SolutionProperties) = preSolution
		HideSolutionNode = FALSE
	EndGlobalSection
	GlobalSection(ExtensibilityGlobals) = postSolution
		SolutionGuid = {3D6D476F-3FA9-4DA8-BA32-74BA5B0B2BD0}
	EndGlobalSection
EndGlobal
